
Microsoft Visual Studio Solution File, Format Version 12.00
# Visual Studio 15
VisualStudioVersion = 15.0.28010.2016
MinimumVisualStudioVersion = 10.0.40219.1
Project("{8BC9CEB8-8B4A-11D0-8D11-00A0C91BC942}") = "Lab7-1-ShaistaAhmad", "Lab7-1-ShaistaAhmad\Lab7-1-ShaistaAhmad.vcxproj", "{CD79AF69-F567-4BDD-BD24-0A4D92EB5C32}"
EndProject
Global
	GlobalSection(SolutionConfigurationPlatforms) = preSolution
		Debug|x64 = Debug|x64
		Debug|x86 = Debug|x86
		Release|x64 = Release|x64
		Release|x86 = Release|x86
	EndGlobalSection
	GlobalSection(ProjectConfigurationPlatforms) = postSolution
		{CD79AF69-F567-4BDD-BD24-0A4D92EB5C32}.Debug|x64.ActiveCfg = Debug|x64
		{CD79AF69-F567-4BDD-BD24-0A4D92EB5C32}.Debug|x64.Build.0 = Debug|x64
		{CD79AF69-F567-4BDD-BD24-0A4D92EB5C32}.Debug|x86.ActiveCfg = Debug|Win32
		{CD79AF69-F567-4BDD-BD24-0A4D92EB5C32}.Debug|x86.Build.0 = Debug|Win32
		{CD79AF69-F567-4BDD-BD24-0A4D92EB5C32}.Release|x64.ActiveCfg = Release|x64
		{CD79AF69-F567-4BDD-BD24-0A4D92EB5C32}.Release|x64.Build.0 = Release|x64
		{CD79AF69-F567-4BDD-BD24-0A4D92EB5C32}.Release|x86.ActiveCfg = Release|Win32
		{CD79AF69-F567-4BDD-BD24-0A4D92EB5C32}.Release|x86.Build.0 = Release|Win32
	EndGlobalSection
	GlobalSection(SolutionProperties) = preSolution
		HideSolutionNode = FALSE
	EndGlobalSection
	GlobalSection(ExtensibilityGlobals) = postSolution
		SolutionGuid = {DF2F2BF1-0628-4D5C-969C-DD46C633B87B}
	EndGlobalSection
EndGlobal
